// !$*UTF8*$!
{
	archiveVersion = 1;
	classes = {
	};
	objectVersion = 56;
	objects = {

/* Begin PBXBuildFile section */
		52E8FF8D2B0FF005006AC4E8 /* AppDelegate.swift in Sources */ = {isa = PBXBuildFile; fileRef = 52E8FF8C2B0FF005006AC4E8 /* AppDelegate.swift */; };
		52E8FF912B0FF005006AC4E8 /* Main.html in Resources */ = {isa = PBXBuildFile; fileRef = 52E8FF8F2B0FF005006AC4E8 /* Main.html */; };
		52E8FF932B0FF005006AC4E8 /* Icon.png in Resources */ = {isa = PBXBuildFile; fileRef = 52E8FF922B0FF005006AC4E8 /* Icon.png */; };
		52E8FF952B0FF005006AC4E8 /* Style.css in Resources */ = {isa = PBXBuildFile; fileRef = 52E8FF942B0FF005006AC4E8 /* Style.css */; };
		52E8FF972B0FF005006AC4E8 /* Script.js in Resources */ = {isa = PBXBuildFile; fileRef = 52E8FF962B0FF005006AC4E8 /* Script.js */; };
		52E8FF992B0FF005006AC4E8 /* ViewController.swift in Sources */ = {isa = PBXBuildFile; fileRef = 52E8FF982B0FF005006AC4E8 /* ViewController.swift */; };
		52E8FF9C2B0FF005006AC4E8 /* Main.storyboard in Resources */ = {isa = PBXBuildFile; fileRef = 52E8FF9A2B0FF005006AC4E8 /* Main.storyboard */; };
		52E8FF9E2B0FF006006AC4E8 /* Assets.xcassets in Resources */ = {isa = PBXBuildFile; fileRef = 52E8FF9D2B0FF006006AC4E8 /* Assets.xcassets */; };
		52E8FFAA2B0FF006006AC4E8 /* SafariAutoScroll_MacTests.swift in Sources */ = {isa = PBXBuildFile; fileRef = 52E8FFA92B0FF006006AC4E8 /* SafariAutoScroll_MacTests.swift */; };
		52E8FFB42B0FF006006AC4E8 /* SafariAutoScroll_MacUITests.swift in Sources */ = {isa = PBXBuildFile; fileRef = 52E8FFB32B0FF006006AC4E8 /* SafariAutoScroll_MacUITests.swift */; };
		52E8FFB62B0FF006006AC4E8 /* SafariAutoScroll_MacUITestsLaunchTests.swift in Sources */ = {isa = PBXBuildFile; fileRef = 52E8FFB52B0FF006006AC4E8 /* SafariAutoScroll_MacUITestsLaunchTests.swift */; };
		52E8FFBC2B0FF006006AC4E8 /* SafariAutoScroll-Mac Extension.appex in Embed Foundation Extensions */ = {isa = PBXBuildFile; fileRef = 52E8FFBB2B0FF006006AC4E8 /* SafariAutoScroll-Mac Extension.appex */; settings = {ATTRIBUTES = (RemoveHeadersOnCopy, ); }; };
		52E8FFC12B0FF006006AC4E8 /* SafariWebExtensionHandler.swift in Sources */ = {isa = PBXBuildFile; fileRef = 52E8FFC02B0FF006006AC4E8 /* SafariWebExtensionHandler.swift */; };
		52E8FFC42B0FF006006AC4E8 /* _locales in Resources */ = {isa = PBXBuildFile; fileRef = 52E8FFC32B0FF006006AC4E8 /* _locales */; };
		52E8FFC62B0FF006006AC4E8 /* images in Resources */ = {isa = PBXBuildFile; fileRef = 52E8FFC52B0FF006006AC4E8 /* images */; };
		52E8FFC82B0FF006006AC4E8 /* manifest.json in Resources */ = {isa = PBXBuildFile; fileRef = 52E8FFC72B0FF006006AC4E8 /* manifest.json */; };
		52E8FFCA2B0FF006006AC4E8 /* background.js in Resources */ = {isa = PBXBuildFile; fileRef = 52E8FFC92B0FF006006AC4E8 /* background.js */; };
		52E8FFCC2B0FF006006AC4E8 /* content.js in Resources */ = {isa = PBXBuildFile; fileRef = 52E8FFCB2B0FF006006AC4E8 /* content.js */; };
		52E8FFCE2B0FF006006AC4E8 /* popup.html in Resources */ = {isa = PBXBuildFile; fileRef = 52E8FFCD2B0FF006006AC4E8 /* popup.html */; };
		52E8FFD02B0FF006006AC4E8 /* popup.css in Resources */ = {isa = PBXBuildFile; fileRef = 52E8FFCF2B0FF006006AC4E8 /* popup.css */; };
		52E8FFD22B0FF006006AC4E8 /* popup.js in Resources */ = {isa = PBXBuildFile; fileRef = 52E8FFD12B0FF006006AC4E8 /* popup.js */; };
/* End PBXBuildFile section */

/* Begin PBXContainerItemProxy section */
		52E8FFA62B0FF006006AC4E8 /* PBXContainerItemProxy */ = {
			isa = PBXContainerItemProxy;
			containerPortal = 52E8FF812B0FF005006AC4E8 /* Project object */;
			proxyType = 1;
			remoteGlobalIDString = 52E8FF882B0FF005006AC4E8;
			remoteInfo = "SafariAutoScroll-Mac";
		};
		52E8FFB02B0FF006006AC4E8 /* PBXContainerItemProxy */ = {
			isa = PBXContainerItemProxy;
			containerPortal = 52E8FF812B0FF005006AC4E8 /* Project object */;
			proxyType = 1;
			remoteGlobalIDString = 52E8FF882B0FF005006AC4E8;
			remoteInfo = "SafariAutoScroll-Mac";
		};
		52E8FFBD2B0FF006006AC4E8 /* PBXContainerItemProxy */ = {
			isa = PBXContainerItemProxy;
			containerPortal = 52E8FF812B0FF005006AC4E8 /* Project object */;
			proxyType = 1;
			remoteGlobalIDString = 52E8FFBA2B0FF006006AC4E8;
			remoteInfo = "SafariAutoScroll-Mac Extension";
		};
/* End PBXContainerItemProxy section */

/* Begin PBXCopyFilesBuildPhase section */
		52E8FFDA2B0FF006006AC4E8 /* Embed Foundation Extensions */ = {
			isa = PBXCopyFilesBuildPhase;
			buildActionMask = 2147483647;
			dstPath = "";
			dstSubfolderSpec = 13;
			files = (
				52E8FFBC2B0FF006006AC4E8 /* SafariAutoScroll-Mac Extension.appex in Embed Foundation Extensions */,
			);
			name = "Embed Foundation Extensions";
			runOnlyForDeploymentPostprocessing = 0;
		};
/* End PBXCopyFilesBuildPhase section */

/* Begin PBXFileReference section */
		52E8FF892B0FF005006AC4E8 /* SafariAutoScroll-Mac.app */ = {isa = PBXFileReference; explicitFileType = wrapper.application; includeInIndex = 0; path = "SafariAutoScroll-Mac.app"; sourceTree = BUILT_PRODUCTS_DIR; };
		52E8FF8C2B0FF005006AC4E8 /* AppDelegate.swift */ = {isa = PBXFileReference; lastKnownFileType = sourcecode.swift; path = AppDelegate.swift; sourceTree = "<group>"; };
		52E8FF902B0FF005006AC4E8 /* Base */ = {isa = PBXFileReference; lastKnownFileType = text.html; name = Base; path = ../Base.lproj/Main.html; sourceTree = "<group>"; };
		52E8FF922B0FF005006AC4E8 /* Icon.png */ = {isa = PBXFileReference; lastKnownFileType = image.png; path = Icon.png; sourceTree = "<group>"; };
		52E8FF942B0FF005006AC4E8 /* Style.css */ = {isa = PBXFileReference; lastKnownFileType = text.css; path = Style.css; sourceTree = "<group>"; };
		52E8FF962B0FF005006AC4E8 /* Script.js */ = {isa = PBXFileReference; lastKnownFileType = sourcecode.javascript; path = Script.js; sourceTree = "<group>"; };
		52E8FF982B0FF005006AC4E8 /* ViewController.swift */ = {isa = PBXFileReference; lastKnownFileType = sourcecode.swift; path = ViewController.swift; sourceTree = "<group>"; };
		52E8FF9B2B0FF005006AC4E8 /* Base */ = {isa = PBXFileReference; lastKnownFileType = file.storyboard; name = Base; path = Base.lproj/Main.storyboard; sourceTree = "<group>"; };
		52E8FF9D2B0FF006006AC4E8 /* Assets.xcassets */ = {isa = PBXFileReference; lastKnownFileType = folder.assetcatalog; path = Assets.xcassets; sourceTree = "<group>"; };
		52E8FF9F2B0FF006006AC4E8 /* SafariAutoScroll_Mac.entitlements */ = {isa = PBXFileReference; lastKnownFileType = text.plist.entitlements; path = SafariAutoScroll_Mac.entitlements; sourceTree = "<group>"; };
		52E8FFA02B0FF006006AC4E8 /* SafariAutoScroll-Mac.entitlements */ = {isa = PBXFileReference; lastKnownFileType = text.plist.entitlements; path = "SafariAutoScroll-Mac.entitlements"; sourceTree = "<group>"; };
		52E8FFA52B0FF006006AC4E8 /* SafariAutoScroll-MacTests.xctest */ = {isa = PBXFileReference; explicitFileType = wrapper.cfbundle; includeInIndex = 0; path = "SafariAutoScroll-MacTests.xctest"; sourceTree = BUILT_PRODUCTS_DIR; };
		52E8FFA92B0FF006006AC4E8 /* SafariAutoScroll_MacTests.swift */ = {isa = PBXFileReference; lastKnownFileType = sourcecode.swift; path = SafariAutoScroll_MacTests.swift; sourceTree = "<group>"; };
		52E8FFAF2B0FF006006AC4E8 /* SafariAutoScroll-MacUITests.xctest */ = {isa = PBXFileReference; explicitFileType = wrapper.cfbundle; includeInIndex = 0; path = "SafariAutoScroll-MacUITests.xctest"; sourceTree = BUILT_PRODUCTS_DIR; };
		52E8FFB32B0FF006006AC4E8 /* SafariAutoScroll_MacUITests.swift */ = {isa = PBXFileReference; lastKnownFileType = sourcecode.swift; path = SafariAutoScroll_MacUITests.swift; sourceTree = "<group>"; };
		52E8FFB52B0FF006006AC4E8 /* SafariAutoScroll_MacUITestsLaunchTests.swift */ = {isa = PBXFileReference; lastKnownFileType = sourcecode.swift; path = SafariAutoScroll_MacUITestsLaunchTests.swift; sourceTree = "<group>"; };
		52E8FFBB2B0FF006006AC4E8 /* SafariAutoScroll-Mac Extension.appex */ = {isa = PBXFileReference; explicitFileType = "wrapper.app-extension"; includeInIndex = 0; path = "SafariAutoScroll-Mac Extension.appex"; sourceTree = BUILT_PRODUCTS_DIR; };
		52E8FFC02B0FF006006AC4E8 /* SafariWebExtensionHandler.swift */ = {isa = PBXFileReference; lastKnownFileType = sourcecode.swift; path = SafariWebExtensionHandler.swift; sourceTree = "<group>"; };
		52E8FFC32B0FF006006AC4E8 /* _locales */ = {isa = PBXFileReference; lastKnownFileType = folder; path = _locales; sourceTree = "<group>"; };
		52E8FFC52B0FF006006AC4E8 /* images */ = {isa = PBXFileReference; lastKnownFileType = folder; path = images; sourceTree = "<group>"; };
		52E8FFC72B0FF006006AC4E8 /* manifest.json */ = {isa = PBXFileReference; lastKnownFileType = text.json; path = manifest.json; sourceTree = "<group>"; };
		52E8FFC92B0FF006006AC4E8 /* background.js */ = {isa = PBXFileReference; lastKnownFileType = sourcecode.javascript; path = background.js; sourceTree = "<group>"; };
		52E8FFCB2B0FF006006AC4E8 /* content.js */ = {isa = PBXFileReference; lastKnownFileType = sourcecode.javascript; path = content.js; sourceTree = "<group>"; };
		52E8FFCD2B0FF006006AC4E8 /* popup.html */ = {isa = PBXFileReference; lastKnownFileType = text.html; path = popup.html; sourceTree = "<group>"; };
		52E8FFCF2B0FF006006AC4E8 /* popup.css */ = {isa = PBXFileReference; lastKnownFileType = text.css; path = popup.css; sourceTree = "<group>"; };
		52E8FFD12B0FF006006AC4E8 /* popup.js */ = {isa = PBXFileReference; lastKnownFileType = sourcecode.javascript; path = popup.js; sourceTree = "<group>"; };
		52E8FFD32B0FF006006AC4E8 /* Info.plist */ = {isa = PBXFileReference; lastKnownFileType = text.plist.xml; path = Info.plist; sourceTree = "<group>"; };
		52E8FFD42B0FF006006AC4E8 /* SafariAutoScroll_Mac_Extension.entitlements */ = {isa = PBXFileReference; lastKnownFileType = text.plist.entitlements; path = SafariAutoScroll_Mac_Extension.entitlements; sourceTree = "<group>"; };
/* End PBXFileReference section */

/* Begin PBXFrameworksBuildPhase section */
		52E8FF862B0FF005006AC4E8 /* Frameworks */ = {
			isa = PBXFrameworksBuildPhase;
			buildActionMask = 2147483647;
			files = (
			);
			runOnlyForDeploymentPostprocessing = 0;
		};
		52E8FFA22B0FF006006AC4E8 /* Frameworks */ = {
			isa = PBXFrameworksBuildPhase;
			buildActionMask = 2147483647;
			files = (
			);
			runOnlyForDeploymentPostprocessing = 0;
		};
		52E8FFAC2B0FF006006AC4E8 /* Frameworks */ = {
			isa = PBXFrameworksBuildPhase;
			buildActionMask = 2147483647;
			files = (
			);
			runOnlyForDeploymentPostprocessing = 0;
		};
		52E8FFB82B0FF006006AC4E8 /* Frameworks */ = {
			isa = PBXFrameworksBuildPhase;
			buildActionMask = 2147483647;
			files = (
			);
			runOnlyForDeploymentPostprocessing = 0;
		};
/* End PBXFrameworksBuildPhase section */

/* Begin PBXGroup section */
		52E8FF802B0FF005006AC4E8 = {
			isa = PBXGroup;
			children = (
				52E8FF8B2B0FF005006AC4E8 /* SafariAutoScroll-Mac */,
				52E8FFA82B0FF006006AC4E8 /* SafariAutoScroll-MacTests */,
				52E8FFB22B0FF006006AC4E8 /* SafariAutoScroll-MacUITests */,
				52E8FFBF2B0FF006006AC4E8 /* SafariAutoScroll-Mac Extension */,
				52E8FF8A2B0FF005006AC4E8 /* Products */,
			);
			sourceTree = "<group>";
		};
		52E8FF8A2B0FF005006AC4E8 /* Products */ = {
			isa = PBXGroup;
			children = (
				52E8FF892B0FF005006AC4E8 /* SafariAutoScroll-Mac.app */,
				52E8FFA52B0FF006006AC4E8 /* SafariAutoScroll-MacTests.xctest */,
				52E8FFAF2B0FF006006AC4E8 /* SafariAutoScroll-MacUITests.xctest */,
				52E8FFBB2B0FF006006AC4E8 /* SafariAutoScroll-Mac Extension.appex */,
			);
			name = Products;
			sourceTree = "<group>";
		};
		52E8FF8B2B0FF005006AC4E8 /* SafariAutoScroll-Mac */ = {
			isa = PBXGroup;
			children = (
				52E8FF8C2B0FF005006AC4E8 /* AppDelegate.swift */,
				52E8FF982B0FF005006AC4E8 /* ViewController.swift */,
				52E8FF9A2B0FF005006AC4E8 /* Main.storyboard */,
				52E8FF9D2B0FF006006AC4E8 /* Assets.xcassets */,
				52E8FF9F2B0FF006006AC4E8 /* SafariAutoScroll_Mac.entitlements */,
				52E8FFA02B0FF006006AC4E8 /* SafariAutoScroll-Mac.entitlements */,
				52E8FF8E2B0FF005006AC4E8 /* Resources */,
			);
			path = "SafariAutoScroll-Mac";
			sourceTree = "<group>";
		};
		52E8FF8E2B0FF005006AC4E8 /* Resources */ = {
			isa = PBXGroup;
			children = (
				52E8FF8F2B0FF005006AC4E8 /* Main.html */,
				52E8FF922B0FF005006AC4E8 /* Icon.png */,
				52E8FF942B0FF005006AC4E8 /* Style.css */,
				52E8FF962B0FF005006AC4E8 /* Script.js */,
			);
			path = Resources;
			sourceTree = "<group>";
		};
		52E8FFA82B0FF006006AC4E8 /* SafariAutoScroll-MacTests */ = {
			isa = PBXGroup;
			children = (
				52E8FFA92B0FF006006AC4E8 /* SafariAutoScroll_MacTests.swift */,
			);
			path = "SafariAutoScroll-MacTests";
			sourceTree = "<group>";
		};
		52E8FFB22B0FF006006AC4E8 /* SafariAutoScroll-MacUITests */ = {
			isa = PBXGroup;
			children = (
				52E8FFB32B0FF006006AC4E8 /* SafariAutoScroll_MacUITests.swift */,
				52E8FFB52B0FF006006AC4E8 /* SafariAutoScroll_MacUITestsLaunchTests.swift */,
			);
			path = "SafariAutoScroll-MacUITests";
			sourceTree = "<group>";
		};
		52E8FFBF2B0FF006006AC4E8 /* SafariAutoScroll-Mac Extension */ = {
			isa = PBXGroup;
			children = (
				52E8FFC02B0FF006006AC4E8 /* SafariWebExtensionHandler.swift */,
				52E8FFD32B0FF006006AC4E8 /* Info.plist */,
				52E8FFD42B0FF006006AC4E8 /* SafariAutoScroll_Mac_Extension.entitlements */,
				52E8FFC22B0FF006006AC4E8 /* Resources */,
			);
			path = "SafariAutoScroll-Mac Extension";
			sourceTree = "<group>";
		};
		52E8FFC22B0FF006006AC4E8 /* Resources */ = {
			isa = PBXGroup;
			children = (
				52E8FFC32B0FF006006AC4E8 /* _locales */,
				52E8FFC52B0FF006006AC4E8 /* images */,
				52E8FFC72B0FF006006AC4E8 /* manifest.json */,
				52E8FFC92B0FF006006AC4E8 /* background.js */,
				52E8FFCB2B0FF006006AC4E8 /* content.js */,
				52E8FFCD2B0FF006006AC4E8 /* popup.html */,
				52E8FFCF2B0FF006006AC4E8 /* popup.css */,
				52E8FFD12B0FF006006AC4E8 /* popup.js */,
			);
			path = Resources;
			sourceTree = "<group>";
		};
/* End PBXGroup section */

/* Begin PBXNativeTarget section */
		52E8FF882B0FF005006AC4E8 /* SafariAutoScroll-Mac */ = {
			isa = PBXNativeTarget;
			buildConfigurationList = 52E8FFDB2B0FF006006AC4E8 /* Build configuration list for PBXNativeTarget "SafariAutoScroll-Mac" */;
			buildPhases = (
				52E8FF852B0FF005006AC4E8 /* Sources */,
				52E8FF862B0FF005006AC4E8 /* Frameworks */,
				52E8FF872B0FF005006AC4E8 /* Resources */,
				52E8FFDA2B0FF006006AC4E8 /* Embed Foundation Extensions */,
			);
			buildRules = (
			);
			dependencies = (
				52E8FFBE2B0FF006006AC4E8 /* PBXTargetDependency */,
			);
			name = "SafariAutoScroll-Mac";
			productName = "SafariAutoScroll-Mac";
			productReference = 52E8FF892B0FF005006AC4E8 /* SafariAutoScroll-Mac.app */;
			productType = "com.apple.product-type.application";
		};
		52E8FFA42B0FF006006AC4E8 /* SafariAutoScroll-MacTests */ = {
			isa = PBXNativeTarget;
			buildConfigurationList = 52E8FFDE2B0FF006006AC4E8 /* Build configuration list for PBXNativeTarget "SafariAutoScroll-MacTests" */;
			buildPhases = (
				52E8FFA12B0FF006006AC4E8 /* Sources */,
				52E8FFA22B0FF006006AC4E8 /* Frameworks */,
				52E8FFA32B0FF006006AC4E8 /* Resources */,
			);
			buildRules = (
			);
			dependencies = (
				52E8FFA72B0FF006006AC4E8 /* PBXTargetDependency */,
			);
			name = "SafariAutoScroll-MacTests";
			productName = "SafariAutoScroll-MacTests";
			productReference = 52E8FFA52B0FF006006AC4E8 /* SafariAutoScroll-MacTests.xctest */;
			productType = "com.apple.product-type.bundle.unit-test";
		};
		52E8FFAE2B0FF006006AC4E8 /* SafariAutoScroll-MacUITests */ = {
			isa = PBXNativeTarget;
			buildConfigurationList = 52E8FFE12B0FF006006AC4E8 /* Build configuration list for PBXNativeTarget "SafariAutoScroll-MacUITests" */;
			buildPhases = (
				52E8FFAB2B0FF006006AC4E8 /* Sources */,
				52E8FFAC2B0FF006006AC4E8 /* Frameworks */,
				52E8FFAD2B0FF006006AC4E8 /* Resources */,
			);
			buildRules = (
			);
			dependencies = (
				52E8FFB12B0FF006006AC4E8 /* PBXTargetDependency */,
			);
			name = "SafariAutoScroll-MacUITests";
			productName = "SafariAutoScroll-MacUITests";
			productReference = 52E8FFAF2B0FF006006AC4E8 /* SafariAutoScroll-MacUITests.xctest */;
			productType = "com.apple.product-type.bundle.ui-testing";
		};
		52E8FFBA2B0FF006006AC4E8 /* SafariAutoScroll-Mac Extension */ = {
			isa = PBXNativeTarget;
			buildConfigurationList = 52E8FFD72B0FF006006AC4E8 /* Build configuration list for PBXNativeTarget "SafariAutoScroll-Mac Extension" */;
			buildPhases = (
				52E8FFB72B0FF006006AC4E8 /* Sources */,
				52E8FFB82B0FF006006AC4E8 /* Frameworks */,
				52E8FFB92B0FF006006AC4E8 /* Resources */,
			);
			buildRules = (
			);
			dependencies = (
			);
			name = "SafariAutoScroll-Mac Extension";
			productName = "SafariAutoScroll-Mac Extension";
			productReference = 52E8FFBB2B0FF006006AC4E8 /* SafariAutoScroll-Mac Extension.appex */;
			productType = "com.apple.product-type.app-extension";
		};
/* End PBXNativeTarget section */

/* Begin PBXProject section */
		52E8FF812B0FF005006AC4E8 /* Project object */ = {
			isa = PBXProject;
			attributes = {
				BuildIndependentTargetsInParallel = 1;
				LastSwiftUpdateCheck = 1500;
				LastUpgradeCheck = 1500;
				TargetAttributes = {
					52E8FF882B0FF005006AC4E8 = {
						CreatedOnToolsVersion = 15.0.1;
					};
					52E8FFA42B0FF006006AC4E8 = {
						CreatedOnToolsVersion = 15.0.1;
						TestTargetID = 52E8FF882B0FF005006AC4E8;
					};
					52E8FFAE2B0FF006006AC4E8 = {
						CreatedOnToolsVersion = 15.0.1;
						TestTargetID = 52E8FF882B0FF005006AC4E8;
					};
					52E8FFBA2B0FF006006AC4E8 = {
						CreatedOnToolsVersion = 15.0.1;
					};
				};
			};
			buildConfigurationList = 52E8FF842B0FF005006AC4E8 /* Build configuration list for PBXProject "SafariAutoScroll-Mac" */;
			compatibilityVersion = "Xcode 14.0";
			developmentRegion = en;
			hasScannedForEncodings = 0;
			knownRegions = (
				en,
				Base,
			);
			mainGroup = 52E8FF802B0FF005006AC4E8;
			productRefGroup = 52E8FF8A2B0FF005006AC4E8 /* Products */;
			projectDirPath = "";
			projectRoot = "";
			targets = (
				52E8FF882B0FF005006AC4E8 /* SafariAutoScroll-Mac */,
				52E8FFA42B0FF006006AC4E8 /* SafariAutoScroll-MacTests */,
				52E8FFAE2B0FF006006AC4E8 /* SafariAutoScroll-MacUITests */,
				52E8FFBA2B0FF006006AC4E8 /* SafariAutoScroll-Mac Extension */,
			);
		};
/* End PBXProject section */

/* Begin PBXResourcesBuildPhase section */
		52E8FF872B0FF005006AC4E8 /* Resources */ = {
			isa = PBXResourcesBuildPhase;
			buildActionMask = 2147483647;
			files = (
				52E8FF932B0FF005006AC4E8 /* Icon.png in Resources */,
				52E8FF9C2B0FF005006AC4E8 /* Main.storyboard in Resources */,
				52E8FF972B0FF005006AC4E8 /* Script.js in Resources */,
				52E8FF912B0FF005006AC4E8 /* Main.html in Resources */,
				52E8FF9E2B0FF006006AC4E8 /* Assets.xcassets in Resources */,
				52E8FF952B0FF005006AC4E8 /* Style.css in Resources */,
			);
			runOnlyForDeploymentPostprocessing = 0;
		};
		52E8FFA32B0FF006006AC4E8 /* Resources */ = {
			isa = PBXResourcesBuildPhase;
			buildActionMask = 2147483647;
			files = (
			);
			runOnlyForDeploymentPostprocessing = 0;
		};
		52E8FFAD2B0FF006006AC4E8 /* Resources */ = {
			isa = PBXResourcesBuildPhase;
			buildActionMask = 2147483647;
			files = (
			);
			runOnlyForDeploymentPostprocessing = 0;
		};
		52E8FFB92B0FF006006AC4E8 /* Resources */ = {
			isa = PBXResourcesBuildPhase;
			buildActionMask = 2147483647;
			files = (
				52E8FFCA2B0FF006006AC4E8 /* background.js in Resources */,
				52E8FFD02B0FF006006AC4E8 /* popup.css in Resources */,
				52E8FFCE2B0FF006006AC4E8 /* popup.html in Resources */,
				52E8FFC62B0FF006006AC4E8 /* images in Resources */,
				52E8FFC82B0FF006006AC4E8 /* manifest.json in Resources */,
				52E8FFC42B0FF006006AC4E8 /* _locales in Resources */,
				52E8FFCC2B0FF006006AC4E8 /* content.js in Resources */,
				52E8FFD22B0FF006006AC4E8 /* popup.js in Resources */,
			);
			runOnlyForDeploymentPostprocessing = 0;
		};
/* End PBXResourcesBuildPhase section */

/* Begin PBXSourcesBuildPhase section */
		52E8FF852B0FF005006AC4E8 /* Sources */ = {
			isa = PBXSourcesBuildPhase;
			buildActionMask = 2147483647;
			files = (
				52E8FF992B0FF005006AC4E8 /* ViewController.swift in Sources */,
				52E8FF8D2B0FF005006AC4E8 /* AppDelegate.swift in Sources */,
			);
			runOnlyForDeploymentPostprocessing = 0;
		};
		52E8FFA12B0FF006006AC4E8 /* Sources */ = {
			isa = PBXSourcesBuildPhase;
			buildActionMask = 2147483647;
			files = (
				52E8FFAA2B0FF006006AC4E8 /* SafariAutoScroll_MacTests.swift in Sources */,
			);
			runOnlyForDeploymentPostprocessing = 0;
		};
		52E8FFAB2B0FF006006AC4E8 /* Sources */ = {
			isa = PBXSourcesBuildPhase;
			buildActionMask = 2147483647;
			files = (
				52E8FFB62B0FF006006AC4E8 /* SafariAutoScroll_MacUITestsLaunchTests.swift in Sources */,
				52E8FFB42B0FF006006AC4E8 /* SafariAutoScroll_MacUITests.swift in Sources */,
			);
			runOnlyForDeploymentPostprocessing = 0;
		};
		52E8FFB72B0FF006006AC4E8 /* Sources */ = {
			isa = PBXSourcesBuildPhase;
			buildActionMask = 2147483647;
			files = (
				52E8FFC12B0FF006006AC4E8 /* SafariWebExtensionHandler.swift in Sources */,
			);
			runOnlyForDeploymentPostprocessing = 0;
		};
/* End PBXSourcesBuildPhase section */

/* Begin PBXTargetDependency section */
		52E8FFA72B0FF006006AC4E8 /* PBXTargetDependency */ = {
			isa = PBXTargetDependency;
			target = 52E8FF882B0FF005006AC4E8 /* SafariAutoScroll-Mac */;
			targetProxy = 52E8FFA62B0FF006006AC4E8 /* PBXContainerItemProxy */;
		};
		52E8FFB12B0FF006006AC4E8 /* PBXTargetDependency */ = {
			isa = PBXTargetDependency;
			target = 52E8FF882B0FF005006AC4E8 /* SafariAutoScroll-Mac */;
			targetProxy = 52E8FFB02B0FF006006AC4E8 /* PBXContainerItemProxy */;
		};
		52E8FFBE2B0FF006006AC4E8 /* PBXTargetDependency */ = {
			isa = PBXTargetDependency;
			target = 52E8FFBA2B0FF006006AC4E8 /* SafariAutoScroll-Mac Extension */;
			targetProxy = 52E8FFBD2B0FF006006AC4E8 /* PBXContainerItemProxy */;
		};
/* End PBXTargetDependency section */

/* Begin PBXVariantGroup section */
		52E8FF8F2B0FF005006AC4E8 /* Main.html */ = {
			isa = PBXVariantGroup;
			children = (
				52E8FF902B0FF005006AC4E8 /* Base */,
			);
			name = Main.html;
			sourceTree = "<group>";
		};
		52E8FF9A2B0FF005006AC4E8 /* Main.storyboard */ = {
			isa = PBXVariantGroup;
			children = (
				52E8FF9B2B0FF005006AC4E8 /* Base */,
			);
			name = Main.storyboard;
			sourceTree = "<group>";
		};
/* End PBXVariantGroup section */

/* Begin XCBuildConfiguration section */
		52E8FFD52B0FF006006AC4E8 /* Debug */ = {
			isa = XCBuildConfiguration;
			buildSettings = {
				ALWAYS_SEARCH_USER_PATHS = NO;
				ASSETCATALOG_COMPILER_GENERATE_SWIFT_ASSET_SYMBOL_EXTENSIONS = YES;
				CLANG_ANALYZER_NONNULL = YES;
				CLANG_ANALYZER_NUMBER_OBJECT_CONVERSION = YES_AGGRESSIVE;
				CLANG_CXX_LANGUAGE_STANDARD = "gnu++20";
				CLANG_ENABLE_MODULES = YES;
				CLANG_ENABLE_OBJC_ARC = YES;
				CLANG_ENABLE_OBJC_WEAK = YES;
				CLANG_WARN_BLOCK_CAPTURE_AUTORELEASING = YES;
				CLANG_WARN_BOOL_CONVERSION = YES;
				CLANG_WARN_COMMA = YES;
				CLANG_WARN_CONSTANT_CONVERSION = YES;
				CLANG_WARN_DEPRECATED_OBJC_IMPLEMENTATIONS = YES;
				CLANG_WARN_DIRECT_OBJC_ISA_USAGE = YES_ERROR;
				CLANG_WARN_DOCUMENTATION_COMMENTS = YES;
				CLANG_WARN_EMPTY_BODY = YES;
				CLANG_WARN_ENUM_CONVERSION = YES;
				CLANG_WARN_INFINITE_RECURSION = YES;
				CLANG_WARN_INT_CONVERSION = YES;
				CLANG_WARN_NON_LITERAL_NULL_CONVERSION = YES;
				CLANG_WARN_OBJC_IMPLICIT_RETAIN_SELF = YES;
				CLANG_WARN_OBJC_LITERAL_CONVERSION = YES;
				CLANG_WARN_OBJC_ROOT_CLASS = YES_ERROR;
				CLANG_WARN_QUOTED_INCLUDE_IN_FRAMEWORK_HEADER = YES;
				CLANG_WARN_RANGE_LOOP_ANALYSIS = YES;
				CLANG_WARN_STRICT_PROTOTYPES = YES;
				CLANG_WARN_SUSPICIOUS_MOVE = YES;
				CLANG_WARN_UNGUARDED_AVAILABILITY = YES_AGGRESSIVE;
				CLANG_WARN_UNREACHABLE_CODE = YES;
				CLANG_WARN__DUPLICATE_METHOD_MATCH = YES;
				COPY_PHASE_STRIP = NO;
				DEBUG_INFORMATION_FORMAT = dwarf;
				ENABLE_STRICT_OBJC_MSGSEND = YES;
				ENABLE_TESTABILITY = YES;
				ENABLE_USER_SCRIPT_SANDBOXING = YES;
				GCC_C_LANGUAGE_STANDARD = gnu17;
				GCC_DYNAMIC_NO_PIC = NO;
				GCC_NO_COMMON_BLOCKS = YES;
				GCC_OPTIMIZATION_LEVEL = 0;
				GCC_PREPROCESSOR_DEFINITIONS = (
					"DEBUG=1",
					"$(inherited)",
				);
				GCC_WARN_64_TO_32_BIT_CONVERSION = YES;
				GCC_WARN_ABOUT_RETURN_TYPE = YES_ERROR;
				GCC_WARN_UNDECLARED_SELECTOR = YES;
				GCC_WARN_UNINITIALIZED_AUTOS = YES_AGGRESSIVE;
				GCC_WARN_UNUSED_FUNCTION = YES;
				GCC_WARN_UNUSED_VARIABLE = YES;
				LOCALIZATION_PREFERS_STRING_CATALOGS = YES;
				MACOSX_DEPLOYMENT_TARGET = 14.0;
				MTL_ENABLE_DEBUG_INFO = INCLUDE_SOURCE;
				MTL_FAST_MATH = YES;
				ONLY_ACTIVE_ARCH = YES;
				SDKROOT = macosx;
				SWIFT_ACTIVE_COMPILATION_CONDITIONS = "DEBUG $(inherited)";
				SWIFT_OPTIMIZATION_LEVEL = "-Onone";
			};
			name = Debug;
		};
		52E8FFD62B0FF006006AC4E8 /* Release */ = {
			isa = XCBuildConfiguration;
			buildSettings = {
				ALWAYS_SEARCH_USER_PATHS = NO;
				ASSETCATALOG_COMPILER_GENERATE_SWIFT_ASSET_SYMBOL_EXTENSIONS = YES;
				CLANG_ANALYZER_NONNULL = YES;
				CLANG_ANALYZER_NUMBER_OBJECT_CONVERSION = YES_AGGRESSIVE;
				CLANG_CXX_LANGUAGE_STANDARD = "gnu++20";
				CLANG_ENABLE_MODULES = YES;
				CLANG_ENABLE_OBJC_ARC = YES;
				CLANG_ENABLE_OBJC_WEAK = YES;
				CLANG_WARN_BLOCK_CAPTURE_AUTORELEASING = YES;
				CLANG_WARN_BOOL_CONVERSION = YES;
				CLANG_WARN_COMMA = YES;
				CLANG_WARN_CONSTANT_CONVERSION = YES;
				CLANG_WARN_DEPRECATED_OBJC_IMPLEMENTATIONS = YES;
				CLANG_WARN_DIRECT_OBJC_ISA_USAGE = YES_ERROR;
				CLANG_WARN_DOCUMENTATION_COMMENTS = YES;
				CLANG_WARN_EMPTY_BODY = YES;
				CLANG_WARN_ENUM_CONVERSION = YES;
				CLANG_WARN_INFINITE_RECURSION = YES;
				CLANG_WARN_INT_CONVERSION = YES;
				CLANG_WARN_NON_LITERAL_NULL_CONVERSION = YES;
				CLANG_WARN_OBJC_IMPLICIT_RETAIN_SELF = YES;
				CLANG_WARN_OBJC_LITERAL_CONVERSION = YES;
				CLANG_WARN_OBJC_ROOT_CLASS = YES_ERROR;
				CLANG_WARN_QUOTED_INCLUDE_IN_FRAMEWORK_HEADER = YES;
				CLANG_WARN_RANGE_LOOP_ANALYSIS = YES;
				CLANG_WARN_STRICT_PROTOTYPES = YES;
				CLANG_WARN_SUSPICIOUS_MOVE = YES;
				CLANG_WARN_UNGUARDED_AVAILABILITY = YES_AGGRESSIVE;
				CLANG_WARN_UNREACHABLE_CODE = YES;
				CLANG_WARN__DUPLICATE_METHOD_MATCH = YES;
				COPY_PHASE_STRIP = NO;
				DEBUG_INFORMATION_FORMAT = "dwarf-with-dsym";
				ENABLE_NS_ASSERTIONS = NO;
				ENABLE_STRICT_OBJC_MSGSEND = YES;
				ENABLE_USER_SCRIPT_SANDBOXING = YES;
				GCC_C_LANGUAGE_STANDARD = gnu17;
				GCC_NO_COMMON_BLOCKS = YES;
				GCC_WARN_64_TO_32_BIT_CONVERSION = YES;
				GCC_WARN_ABOUT_RETURN_TYPE = YES_ERROR;
				GCC_WARN_UNDECLARED_SELECTOR = YES;
				GCC_WARN_UNINITIALIZED_AUTOS = YES_AGGRESSIVE;
				GCC_WARN_UNUSED_FUNCTION = YES;
				GCC_WARN_UNUSED_VARIABLE = YES;
				LOCALIZATION_PREFERS_STRING_CATALOGS = YES;
				MACOSX_DEPLOYMENT_TARGET = 14.0;
				MTL_ENABLE_DEBUG_INFO = NO;
				MTL_FAST_MATH = YES;
				SDKROOT = macosx;
				SWIFT_COMPILATION_MODE = wholemodule;
			};
			name = Release;
		};
		52E8FFD82B0FF006006AC4E8 /* Debug */ = {
			isa = XCBuildConfiguration;
			buildSettings = {
				CODE_SIGN_ENTITLEMENTS = "SafariAutoScroll-Mac Extension/SafariAutoScroll_Mac_Extension.entitlements";
				CODE_SIGN_STYLE = Automatic;
				CURRENT_PROJECT_VERSION = 1;
				ENABLE_HARDENED_RUNTIME = YES;
				GENERATE_INFOPLIST_FILE = YES;
				INFOPLIST_FILE = "SafariAutoScroll-Mac Extension/Info.plist";
				INFOPLIST_KEY_CFBundleDisplayName = "SafariAutoScroll-Mac Extension";
				INFOPLIST_KEY_NSHumanReadableCopyright = "";
				LD_RUNPATH_SEARCH_PATHS = (
					"$(inherited)",
					"@executable_path/../Frameworks",
					"@executable_path/../../../../Frameworks",
				);
				MACOSX_DEPLOYMENT_TARGET = 10.14;
				MARKETING_VERSION = 1.0;
				OTHER_LDFLAGS = (
					"-framework",
					SafariServices,
				);
				PRODUCT_BUNDLE_IDENTIFIER = "johnG.SafariAutoScroll-Mac.Extension";
				PRODUCT_NAME = "$(TARGET_NAME)";
				SKIP_INSTALL = YES;
				SWIFT_EMIT_LOC_STRINGS = YES;
				SWIFT_VERSION = 5.0;
			};
			name = Debug;
		};
		52E8FFD92B0FF006006AC4E8 /* Release */ = {
			isa = XCBuildConfiguration;
			buildSettings = {
				CODE_SIGN_ENTITLEMENTS = "SafariAutoScroll-Mac Extension/SafariAutoScroll_Mac_Extension.entitlements";
				CODE_SIGN_STYLE = Automatic;
				CURRENT_PROJECT_VERSION = 1;
				ENABLE_HARDENED_RUNTIME = YES;
				GENERATE_INFOPLIST_FILE = YES;
				INFOPLIST_FILE = "SafariAutoScroll-Mac Extension/Info.plist";
				INFOPLIST_KEY_CFBundleDisplayName = "SafariAutoScroll-Mac Extension";
				INFOPLIST_KEY_NSHumanReadableCopyright = "";
				LD_RUNPATH_SEARCH_PATHS = (
					"$(inherited)",
					"@executable_path/../Frameworks",
					"@executable_path/../../../../Frameworks",
				);
				MACOSX_DEPLOYMENT_TARGET = 10.14;
				MARKETING_VERSION = 1.0;
				OTHER_LDFLAGS = (
					"-framework",
					SafariServices,
				);
				PRODUCT_BUNDLE_IDENTIFIER = "johnG.SafariAutoScroll-Mac.Extension";
				PRODUCT_NAME = "$(TARGET_NAME)";
				SKIP_INSTALL = YES;
				SWIFT_EMIT_LOC_STRINGS = YES;
				SWIFT_VERSION = 5.0;
			};
			name = Release;
		};
		52E8FFDC2B0FF006006AC4E8 /* Debug */ = {
			isa = XCBuildConfiguration;
			buildSettings = {
				ALWAYS_EMBED_SWIFT_STANDARD_LIBRARIES = YES;
				ASSETCATALOG_COMPILER_APPICON_NAME = AppIcon;
				ASSETCATALOG_COMPILER_GLOBAL_ACCENT_COLOR_NAME = AccentColor;
				CODE_SIGN_ENTITLEMENTS = "SafariAutoScroll-Mac/SafariAutoScroll-Mac.entitlements";
				CODE_SIGN_STYLE = Automatic;
				COMBINE_HIDPI_IMAGES = YES;
				CURRENT_PROJECT_VERSION = 1;
				ENABLE_HARDENED_RUNTIME = YES;
				GENERATE_INFOPLIST_FILE = YES;
				INFOPLIST_KEY_CFBundleDisplayName = "SafariAutoScroll-Mac";
				INFOPLIST_KEY_NSHumanReadableCopyright = "";
				INFOPLIST_KEY_NSMainStoryboardFile = Main;
				INFOPLIST_KEY_NSPrincipalClass = NSApplication;
				LD_RUNPATH_SEARCH_PATHS = (
					"$(inherited)",
					"@executable_path/../Frameworks",
				);
				MACOSX_DEPLOYMENT_TARGET = 10.14;
				MARKETING_VERSION = 1.0;
				OTHER_LDFLAGS = (
					"-framework",
					SafariServices,
					"-framework",
					WebKit,
				);
				PRODUCT_BUNDLE_IDENTIFIER = "johnG.SafariAutoScroll-Mac";
				PRODUCT_NAME = "$(TARGET_NAME)";
				SWIFT_EMIT_LOC_STRINGS = YES;
				SWIFT_VERSION = 5.0;
			};
			name = Debug;
		};
		52E8FFDD2B0FF006006AC4E8 /* Release */ = {
			isa = XCBuildConfiguration;
			buildSettings = {
				ALWAYS_EMBED_SWIFT_STANDARD_LIBRARIES = YES;
				ASSETCATALOG_COMPILER_APPICON_NAME = AppIcon;
				ASSETCATALOG_COMPILER_GLOBAL_ACCENT_COLOR_NAME = AccentColor;
				CODE_SIGN_ENTITLEMENTS = "SafariAutoScroll-Mac/SafariAutoScroll-Mac.entitlements";
				CODE_SIGN_STYLE = Automatic;
				COMBINE_HIDPI_IMAGES = YES;
				CURRENT_PROJECT_VERSION = 1;
				ENABLE_HARDENED_RUNTIME = YES;
				GENERATE_INFOPLIST_FILE = YES;
				INFOPLIST_KEY_CFBundleDisplayName = "SafariAutoScroll-Mac";
				INFOPLIST_KEY_NSHumanReadableCopyright = "";
				INFOPLIST_KEY_NSMainStoryboardFile = Main;
				INFOPLIST_KEY_NSPrincipalClass = NSApplication;
				LD_RUNPATH_SEARCH_PATHS = (
					"$(inherited)",
					"@executable_path/../Frameworks",
				);
				MACOSX_DEPLOYMENT_TARGET = 10.14;
				MARKETING_VERSION = 1.0;
				OTHER_LDFLAGS = (
					"-framework",
					SafariServices,
					"-framework",
					WebKit,
				);
				PRODUCT_BUNDLE_IDENTIFIER = "johnG.SafariAutoScroll-Mac";
				PRODUCT_NAME = "$(TARGET_NAME)";
				SWIFT_EMIT_LOC_STRINGS = YES;
				SWIFT_VERSION = 5.0;
			};
			name = Release;
		};
		52E8FFDF2B0FF006006AC4E8 /* Debug */ = {
			isa = XCBuildConfiguration;
			buildSettings = {
				ALWAYS_EMBED_SWIFT_STANDARD_LIBRARIES = YES;
				BUNDLE_LOADER = "$(TEST_HOST)";
				CODE_SIGN_STYLE = Automatic;
				CURRENT_PROJECT_VERSION = 1;
				GENERATE_INFOPLIST_FILE = YES;
				MACOSX_DEPLOYMENT_TARGET = 10.14;
				MARKETING_VERSION = 1.0;
				PRODUCT_BUNDLE_IDENTIFIER = "johnG.SafariAutoScroll-MacTests";
				PRODUCT_NAME = "$(TARGET_NAME)";
				SWIFT_EMIT_LOC_STRINGS = NO;
				SWIFT_VERSION = 5.0;
				TEST_HOST = "$(BUILT_PRODUCTS_DIR)/SafariAutoScroll-Mac.app/$(BUNDLE_EXECUTABLE_FOLDER_PATH)/SafariAutoScroll-Mac";
			};
			name = Debug;
		};
		52E8FFE02B0FF006006AC4E8 /* Release */ = {
			isa = XCBuildConfiguration;
			buildSettings = {
				ALWAYS_EMBED_SWIFT_STANDARD_LIBRARIES = YES;
				BUNDLE_LOADER = "$(TEST_HOST)";
				CODE_SIGN_STYLE = Automatic;
				CURRENT_PROJECT_VERSION = 1;
				GENERATE_INFOPLIST_FILE = YES;
				MACOSX_DEPLOYMENT_TARGET = 10.14;
				MARKETING_VERSION = 1.0;
				PRODUCT_BUNDLE_IDENTIFIER = "johnG.SafariAutoScroll-MacTests";
				PRODUCT_NAME = "$(TARGET_NAME)";
				SWIFT_EMIT_LOC_STRINGS = NO;
				SWIFT_VERSION = 5.0;
				TEST_HOST = "$(BUILT_PRODUCTS_DIR)/SafariAutoScroll-Mac.app/$(BUNDLE_EXECUTABLE_FOLDER_PATH)/SafariAutoScroll-Mac";
			};
			name = Release;
		};
		52E8FFE22B0FF006006AC4E8 /* Debug */ = {
			isa = XCBuildConfiguration;
			buildSettings = {
				ALWAYS_EMBED_SWIFT_STANDARD_LIBRARIES = YES;
				CODE_SIGN_STYLE = Automatic;
				CURRENT_PROJECT_VERSION = 1;
				GENERATE_INFOPLIST_FILE = YES;
				MARKETING_VERSION = 1.0;
				PRODUCT_BUNDLE_IDENTIFIER = "johnG.SafariAutoScroll-MacUITests";
				PRODUCT_NAME = "$(TARGET_NAME)";
				SWIFT_EMIT_LOC_STRINGS = NO;
				SWIFT_VERSION = 5.0;
				TEST_TARGET_NAME = "SafariAutoScroll-Mac";
			};
			name = Debug;
		};
		52E8FFE32B0FF006006AC4E8 /* Release */ = {
			isa = XCBuildConfiguration;
			buildSettings = {
				ALWAYS_EMBED_SWIFT_STANDARD_LIBRARIES = YES;
				CODE_SIGN_STYLE = Automatic;
				CURRENT_PROJECT_VERSION = 1;
				GENERATE_INFOPLIST_FILE = YES;
				MARKETING_VERSION = 1.0;
				PRODUCT_BUNDLE_IDENTIFIER = "johnG.SafariAutoScroll-MacUITests";
				PRODUCT_NAME = "$(TARGET_NAME)";
				SWIFT_EMIT_LOC_STRINGS = NO;
				SWIFT_VERSION = 5.0;
				TEST_TARGET_NAME = "SafariAutoScroll-Mac";
			};
			name = Release;
		};
/* End XCBuildConfiguration section */

/* Begin XCConfigurationList section */
		52E8FF842B0FF005006AC4E8 /* Build configuration list for PBXProject "SafariAutoScroll-Mac" */ = {
			isa = XCConfigurationList;
			buildConfigurations = (
				52E8FFD52B0FF006006AC4E8 /* Debug */,
				52E8FFD62B0FF006006AC4E8 /* Release */,
			);
			defaultConfigurationIsVisible = 0;
			defaultConfigurationName = Release;
		};
		52E8FFD72B0FF006006AC4E8 /* Build configuration list for PBXNativeTarget "SafariAutoScroll-Mac Extension" */ = {
			isa = XCConfigurationList;
			buildConfigurations = (
				52E8FFD82B0FF006006AC4E8 /* Debug */,
				52E8FFD92B0FF006006AC4E8 /* Release */,
			);
			defaultConfigurationIsVisible = 0;
			defaultConfigurationName = Release;
		};
		52E8FFDB2B0FF006006AC4E8 /* Build configuration list for PBXNativeTarget "SafariAutoScroll-Mac" */ = {
			isa = XCConfigurationList;
			buildConfigurations = (
				52E8FFDC2B0FF006006AC4E8 /* Debug */,
				52E8FFDD2B0FF006006AC4E8 /* Release */,
			);
			defaultConfigurationIsVisible = 0;
			defaultConfigurationName = Release;
		};
		52E8FFDE2B0FF006006AC4E8 /* Build configuration list for PBXNativeTarget "SafariAutoScroll-MacTests" */ = {
			isa = XCConfigurationList;
			buildConfigurations = (
				52E8FFDF2B0FF006006AC4E8 /* Debug */,
				52E8FFE02B0FF006006AC4E8 /* Release */,
			);
			defaultConfigurationIsVisible = 0;
			defaultConfigurationName = Release;
		};
		52E8FFE12B0FF006006AC4E8 /* Build configuration list for PBXNativeTarget "SafariAutoScroll-MacUITests" */ = {
			isa = XCConfigurationList;
			buildConfigurations = (
				52E8FFE22B0FF006006AC4E8 /* Debug */,
				52E8FFE32B0FF006006AC4E8 /* Release */,
			);
			defaultConfigurationIsVisible = 0;
			defaultConfigurationName = Release;
		};
/* End XCConfigurationList section */
	};
	rootObject = 52E8FF812B0FF005006AC4E8 /* Project object */;
}
